
Microsoft Visual Studio Solution File, Format Version 12.00
# Visual Studio Version 17
VisualStudioVersion = 17.5.002.0
MinimumVisualStudioVersion = 10.0.40219.1
Project("{9A19103F-16F7-4668-BE54-9A1E7A4F7556}") = "nomeninja", "nomeninja.csproj", "{A9236CDB-4FBE-4AF2-83F8-6A4C563DDD24}"
EndProject
Global
	GlobalSection(SolutionConfigurationPlatforms) = preSolution
		Debug|Any CPU = Debug|Any CPU
		Release|Any CPU = Release|Any CPU
	EndGlobalSection
	GlobalSection(ProjectConfigurationPlatforms) = postSolution
		{A9236CDB-4FBE-4AF2-83F8-6A4C563DDD24}.Debug|Any CPU.ActiveCfg = Debug|Any CPU
		{A9236CDB-4FBE-4AF2-83F8-6A4C563DDD24}.Debug|Any CPU.Build.0 = Debug|Any CPU
		{A9236CDB-4FBE-4AF2-83F8-6A4C563DDD24}.Release|Any CPU.ActiveCfg = Release|Any CPU
		{A9236CDB-4FBE-4AF2-83F8-6A4C563DDD24}.Release|Any CPU.Build.0 = Release|Any CPU
	EndGlobalSection
	GlobalSection(SolutionProperties) = preSolution
		HideSolutionNode = FALSE
	EndGlobalSection
	GlobalSection(ExtensibilityGlobals) = postSolution
		SolutionGuid = {D2DA921C-C658-4F58-A4CF-B255A3CED049}
	EndGlobalSection
EndGlobal
